
Microsoft Visual Studio Solution File, Format Version 12.00
# Visual Studio Version 17
VisualStudioVersion = 17.6.33927.249
MinimumVisualStudioVersion = 10.0.40219.1
Project("{FAE04EC0-301F-11D3-BF4B-00C04F79EFBC}") = "PrincipalRepro", "PrincipalRepro\PrincipalRepro.csproj", "{607F684F-3B10-42B1-8D91-69D91E1BA086}"
EndProject
Global
	GlobalSection(SolutionConfigurationPlatforms) = preSolution
		Debug|Any CPU = Debug|Any CPU
		Release|Any CPU = Release|Any CPU
	EndGlobalSection
	GlobalSection(ProjectConfigurationPlatforms) = postSolution
		{607F684F-3B10-42B1-8D91-69D91E1BA086}.Debug|Any CPU.ActiveCfg = Debug|Any CPU
		{607F684F-3B10-42B1-8D91-69D91E1BA086}.Debug|Any CPU.Build.0 = Debug|Any CPU
		{607F684F-3B10-42B1-8D91-69D91E1BA086}.Release|Any CPU.ActiveCfg = Release|Any CPU
		{607F684F-3B10-42B1-8D91-69D91E1BA086}.Release|Any CPU.Build.0 = Release|Any CPU
	EndGlobalSection
	GlobalSection(SolutionProperties) = preSolution
		HideSolutionNode = FALSE
	EndGlobalSection
	GlobalSection(ExtensibilityGlobals) = postSolution
		SolutionGuid = {89906564-8521-4BE8-AF30-9DF332C6ED93}
	EndGlobalSection
EndGlobal
